// !$*UTF8*$!\nPBXProject {\n    archiveVersion = 1;\n    objectVersion = 46;\n    compatibilityVersion = "Xcode 12.0";\n    developmentRegion = en;\n    hasScanned = 0;\n    knownRegions = (\n        en,\n    );\n    mainGroup = 1D2E349C1F0B90A1A23C0D58 /* Project Objects */;\n    productRefGroup = 1D2E34A31F0B90A1A24C0D58 /* Products */;\n    projectDirPath = "";\n    projectRoot = "";\n    targets = (\n        1D2E349F1F0B90A1A24C0D58 /* MySigner */,\n    );\n}\n\nPBXNativeTarget {\n    isa = PBXNativeTarget;\n    name = MySigner;\n    productName = MySigner;\n    productReference = 1D2E349F1F0B90A1A24C0D58 /* MySigner.app */;\n    buildConfigurationList = 1D2E349E1F0B90A1A24C0D58 /* Build configuration list for PBXNativeTarget "MySigner" */;\n    buildPhases = (\n        1D2E34A31F0B90A1A24C0D58 /* Sources */,\n    );\n    dependencies = (\n    );\n    lastKnownFileType = wrapper.application;\n    path = MySigner;\n    sourceTree = "<group>";\n}\n// Add other necessary sections like PBXBuildFile, PBXFileReference, etc.\n